
Microsoft Visual Studio Solution File, Format Version 12.00
# Visual Studio Version 16
VisualStudioVersion = 16.0.32901.82
MinimumVisualStudioVersion = 10.0.40219.1
Project("{FAE04EC0-301F-11D3-BF4B-00C04F79EFBC}") = "BlogwritingApp", "BlogwritingApp\BlogwritingApp.csproj", "{AA282FE1-8207-49E7-A37D-3B2B4FB317BF}"
EndProject
Global
	GlobalSection(SolutionConfigurationPlatforms) = preSolution
		Debug|Any CPU = Debug|Any CPU
		Release|Any CPU = Release|Any CPU
	EndGlobalSection
	GlobalSection(ProjectConfigurationPlatforms) = postSolution
		{AA282FE1-8207-49E7-A37D-3B2B4FB317BF}.Debug|Any CPU.ActiveCfg = Debug|Any CPU
		{AA282FE1-8207-49E7-A37D-3B2B4FB317BF}.Debug|Any CPU.Build.0 = Debug|Any CPU
		{AA282FE1-8207-49E7-A37D-3B2B4FB317BF}.Release|Any CPU.ActiveCfg = Release|Any CPU
		{AA282FE1-8207-49E7-A37D-3B2B4FB317BF}.Release|Any CPU.Build.0 = Release|Any CPU
	EndGlobalSection
	GlobalSection(SolutionProperties) = preSolution
		HideSolutionNode = FALSE
	EndGlobalSection
	GlobalSection(ExtensibilityGlobals) = postSolution
		SolutionGuid = {31FCD46A-4D6E-4E8E-A18F-F741F0A75FC5}
	EndGlobalSection
EndGlobal
